
Microsoft Visual Studio Solution File, Format Version 12.00
# Visual Studio 15
Project("{FAE04EC0-301F-11D3-BF4B-00C04F79EFBC}") = "Unity.2D.Tilemap.Editor", "Unity.2D.Tilemap.Editor.csproj", "{6A544A76-4FB7-4A28-1F61-737EA5084969}"
EndProject
Project("{FAE04EC0-301F-11D3-BF4B-00C04F79EFBC}") = "Unity.2D.Aseprite.Editor", "Unity.2D.Aseprite.Editor.csproj", "{B649106D-C7EA-4932-9062-DD332B00A99B}"
EndProject
Project("{FAE04EC0-301F-11D3-BF4B-00C04F79EFBC}") = "Unity.2D.Psdimporter.Editor", "Unity.2D.Psdimporter.Editor.csproj", "{229A9D75-2CC0-01C5-1336-3EBAD68E1477}"
EndProject
Project("{FAE04EC0-301F-11D3-BF4B-00C04F79EFBC}") = "Unity.Mathematics.Tests", "Unity.Mathematics.Tests.csproj", "{7D543AD6-42D4-0596-1B4C-88F10C39E496}"
EndProject
Project("{FAE04EC0-301F-11D3-BF4B-00C04F79EFBC}") = "Unity.Mathematics", "Unity.Mathematics.csproj", "{DD72A9CF-B460-96EB-D480-9431F5B252AA}"
EndProject
Project("{FAE04EC0-301F-11D3-BF4B-00C04F79EFBC}") = "Unity.2D.Animation.Editor", "Unity.2D.Animation.Editor.csproj", "{668AA956-FE9C-5428-1A87-6363A8B7B3D0}"
EndProject
Project("{FAE04EC0-301F-11D3-BF4B-00C04F79EFBC}") = "PhotonChat", "PhotonChat.csproj", "{17065D4C-6797-A674-CA78-E42B6F54DB06}"
EndProject
Project("{FAE04EC0-301F-11D3-BF4B-00C04F79EFBC}") = "Unity.2D.Common.Path.Editor", "Unity.2D.Common.Path.Editor.csproj", "{A472B6A3-9A56-E81C-6D42-5F7764A19248}"
EndProject
Project("{FAE04EC0-301F-11D3-BF4B-00C04F79EFBC}") = "PhotonUnityNetworking.Demos", "PhotonUnityNetworking.Demos.csproj", "{8BB4572F-DA4C-4194-4300-D919145212AB}"
EndProject
Project("{FAE04EC0-301F-11D3-BF4B-00C04F79EFBC}") = "Unity.2D.IK.Runtime", "Unity.2D.IK.Runtime.csproj", "{AB430A99-F739-0BBD-F1BE-D9009DE085D5}"
EndProject
Project("{FAE04EC0-301F-11D3-BF4B-00C04F79EFBC}") = "PsdPlugin", "PsdPlugin.csproj", "{A602C525-BDF0-99DC-2D8B-A3C9223D0A84}"
EndProject
Project("{FAE04EC0-301F-11D3-BF4B-00C04F79EFBC}") = "Unity.Burst.Tests.UnitTests", "Unity.Burst.Tests.UnitTests.csproj", "{20FCA95F-EB91-FC4E-EE42-1111AAB102BF}"
EndProject
Project("{FAE04EC0-301F-11D3-BF4B-00C04F79EFBC}") = "Assembly-CSharp", "Assembly-CSharp.csproj", "{58777D3B-A677-F863-EFBE-B425B17A8CD9}"
EndProject
Project("{FAE04EC0-301F-11D3-BF4B-00C04F79EFBC}") = "Unity.Burst", "Unity.Burst.csproj", "{4522BAE6-4338-C82D-FA71-23DC7525B52D}"
EndProject
Project("{FAE04EC0-301F-11D3-BF4B-00C04F79EFBC}") = "PhotonRealtime", "PhotonRealtime.csproj", "{44AA0A89-91AA-914C-BC7F-C148CDAF1838}"
EndProject
Project("{FAE04EC0-301F-11D3-BF4B-00C04F79EFBC}") = "Unity.2D.SpriteShape.Editor", "Unity.2D.SpriteShape.Editor.csproj", "{076C5FB3-691D-07F7-91EC-FB56D0026BDA}"
EndProject
Project("{FAE04EC0-301F-11D3-BF4B-00C04F79EFBC}") = "Unity.Collections", "Unity.Collections.csproj", "{95A7CED6-F068-C1F3-836C-A19805CC086D}"
EndProject
Project("{FAE04EC0-301F-11D3-BF4B-00C04F79EFBC}") = "Unity.2D.Tilemap.Extras.Editor", "Unity.2D.Tilemap.Extras.Editor.csproj", "{62A4D975-FE3C-3BEB-C219-EE83C1CAEDF2}"
EndProject
Project("{FAE04EC0-301F-11D3-BF4B-00C04F79EFBC}") = "PhotonUnityNetworking.Editor", "PhotonUnityNetworking.Editor.csproj", "{2C0AF361-E820-B960-173F-F53530D0AF3A}"
EndProject
Project("{FAE04EC0-301F-11D3-BF4B-00C04F79EFBC}") = "Unity.InternalAPIEditorBridge.001", "Unity.InternalAPIEditorBridge.001.csproj", "{AB191750-F4C9-82AC-4968-806BC5818E61}"
EndProject
Project("{FAE04EC0-301F-11D3-BF4B-00C04F79EFBC}") = "Unity.2D.SpriteShape.Runtime", "Unity.2D.SpriteShape.Runtime.csproj", "{B241820C-618E-BB7E-BB52-5D5E55BA98EE}"
EndProject
Project("{FAE04EC0-301F-11D3-BF4B-00C04F79EFBC}") = "Unity.2D.Animation.Runtime", "Unity.2D.Animation.Runtime.csproj", "{64E275AF-01C2-521D-34C2-01DEB94F7C46}"
EndProject
Project("{FAE04EC0-301F-11D3-BF4B-00C04F79EFBC}") = "Unity.Burst.CodeGen", "Unity.Burst.CodeGen.csproj", "{58956A59-C8DA-5C26-2841-42A13D4C6332}"
EndProject
Project("{FAE04EC0-301F-11D3-BF4B-00C04F79EFBC}") = "Unity.Collections.Tests", "Unity.Collections.Tests.csproj", "{7283412A-47FB-8B8E-9CB6-B0B05B353E87}"
EndProject
Project("{FAE04EC0-301F-11D3-BF4B-00C04F79EFBC}") = "PhotonUnityNetworking", "PhotonUnityNetworking.csproj", "{3D0FB134-7F79-683E-D0B7-0E5C0B10F69B}"
EndProject
Project("{FAE04EC0-301F-11D3-BF4B-00C04F79EFBC}") = "Unity.2D.Tilemap.Extras", "Unity.2D.Tilemap.Extras.csproj", "{84EA540C-C9A4-6AE6-789D-0AE91394D120}"
EndProject
Project("{FAE04EC0-301F-11D3-BF4B-00C04F79EFBC}") = "Unity.2D.Tilemap.Extras.Placeholder.EditorTests", "Unity.2D.Tilemap.Extras.Placeholder.EditorTests.csproj", "{FF92905A-B861-7110-3023-A285C7A9A507}"
EndProject
Project("{FAE04EC0-301F-11D3-BF4B-00C04F79EFBC}") = "Unity.2D.Aseprite.Common", "Unity.2D.Aseprite.Common.csproj", "{27193650-A737-4781-3D63-E6842FC9A56D}"
EndProject
Project("{FAE04EC0-301F-11D3-BF4B-00C04F79EFBC}") = "Unity.Burst.Editor.Tests", "Unity.Burst.Editor.Tests.csproj", "{1AFD171F-0C0B-7884-8EC5-7A6D3E59A30D}"
EndProject
Project("{FAE04EC0-301F-11D3-BF4B-00C04F79EFBC}") = "Unity.2D.IK.Editor", "Unity.2D.IK.Editor.csproj", "{753B5278-1B67-9DDC-C947-763564C74A68}"
EndProject
Project("{FAE04EC0-301F-11D3-BF4B-00C04F79EFBC}") = "Unity.InternalAPIEngineBridge.001", "Unity.InternalAPIEngineBridge.001.csproj", "{63218B7B-0B4F-BCAD-4E1B-8F251063E50C}"
EndProject
Project("{FAE04EC0-301F-11D3-BF4B-00C04F79EFBC}") = "Unity.Burst.Editor", "Unity.Burst.Editor.csproj", "{0A03723B-FB91-713C-0834-AB2BFA43AEB7}"
EndProject
Project("{FAE04EC0-301F-11D3-BF4B-00C04F79EFBC}") = "Unity.2D.Common.Editor", "Unity.2D.Common.Editor.csproj", "{4FA5C964-8B55-B88C-4530-22247CBD620F}"
EndProject
Project("{FAE04EC0-301F-11D3-BF4B-00C04F79EFBC}") = "Unity.2D.Sprite.Editor", "Unity.2D.Sprite.Editor.csproj", "{DEF41B59-D7EE-D256-852C-C4D46FC98D55}"
EndProject
Project("{FAE04EC0-301F-11D3-BF4B-00C04F79EFBC}") = "PhotonUnityNetworking.Utilities.PhotonPlayer.Editor", "PhotonUnityNetworking.Utilities.PhotonPlayer.Editor.csproj", "{C22689D7-36F5-AF08-3752-8E576741B95D}"
EndProject
Project("{FAE04EC0-301F-11D3-BF4B-00C04F79EFBC}") = "SeparateAssembly", "SeparateAssembly.csproj", "{7B029496-6DB1-C4E2-C99F-48ED42611A56}"
EndProject
Project("{FAE04EC0-301F-11D3-BF4B-00C04F79EFBC}") = "Unity.2D.PixelPerfect", "Unity.2D.PixelPerfect.csproj", "{4938B1E3-9A43-858A-B324-3DACF2BF7EE2}"
EndProject
Project("{FAE04EC0-301F-11D3-BF4B-00C04F79EFBC}") = "Unity.2D.Aseprite.EditorTests", "Unity.2D.Aseprite.EditorTests.csproj", "{57D94E66-168D-4029-1FF0-B2172117F736}"
EndProject
Project("{FAE04EC0-301F-11D3-BF4B-00C04F79EFBC}") = "Unity.2D.PixelPerfect.Editor", "Unity.2D.PixelPerfect.Editor.csproj", "{824F3374-CA4F-CA6F-F29A-F4B25FD91215}"
EndProject
Project("{FAE04EC0-301F-11D3-BF4B-00C04F79EFBC}") = "Unity.2D.Common.Runtime", "Unity.2D.Common.Runtime.csproj", "{DA48D57F-A158-9E8B-C680-EA021EE88236}"
EndProject
Project("{FAE04EC0-301F-11D3-BF4B-00C04F79EFBC}") = "PhotonUnityNetworking.Utilities", "PhotonUnityNetworking.Utilities.csproj", "{137AEA9F-568C-18E9-B100-94BAA19C7265}"
EndProject
Project("{FAE04EC0-301F-11D3-BF4B-00C04F79EFBC}") = "Unity.2D.SpriteShape.EditorTests", "Unity.2D.SpriteShape.EditorTests.csproj", "{23DEBE34-42E7-CD28-1A3A-B14687B5476F}"
EndProject
Project("{FAE04EC0-301F-11D3-BF4B-00C04F79EFBC}") = "Unity.2D.Animation.EditorTests", "Unity.2D.Animation.EditorTests.csproj", "{3432E089-4D11-E3DC-3389-D374229AFE46}"
EndProject
Project("{FAE04EC0-301F-11D3-BF4B-00C04F79EFBC}") = "Unity.Mathematics.Editor", "Unity.Mathematics.Editor.csproj", "{1AAFED36-F5EB-752A-FA5D-6D921D3CEA0F}"
EndProject
Project("{FAE04EC0-301F-11D3-BF4B-00C04F79EFBC}") = "Unity.2D.Tilemap.Package.EditorTests", "Unity.2D.Tilemap.Package.EditorTests.csproj", "{866DCE3F-37AB-B7FB-0DB9-E86F78B3FDE6}"
EndProject
Project("{FAE04EC0-301F-11D3-BF4B-00C04F79EFBC}") = "Unity.2D.Common.EditorTests", "Unity.2D.Common.EditorTests.csproj", "{727D34E4-FCF8-45C1-4EA3-511F9CBFBCEE}"
EndProject
Project("{FAE04EC0-301F-11D3-BF4B-00C04F79EFBC}") = "PunDemos.DemoSlotcarEditor", "PunDemos.DemoSlotcarEditor.csproj", "{A3D236D9-5F36-AD3B-BA6F-AEDF076600B5}"
EndProject
Project("{FAE04EC0-301F-11D3-BF4B-00C04F79EFBC}") = "OverloadedFunctionPointers", "OverloadedFunctionPointers.csproj", "{619400D0-8D60-7C95-6AB8-21A28EF67C59}"
EndProject
Project("{FAE04EC0-301F-11D3-BF4B-00C04F79EFBC}") = "Unity.2D.PixelPerfect.EditorTests", "Unity.2D.PixelPerfect.EditorTests.csproj", "{ED98733D-66CE-77C3-AB2B-1DE89089B306}"
EndProject
Project("{FAE04EC0-301F-11D3-BF4B-00C04F79EFBC}") = "Unity.2D.Psdimporter.EditorTests", "Unity.2D.Psdimporter.EditorTests.csproj", "{8D8EEAB8-F4F4-EB71-5DDA-C90303E7FEDA}"
EndProject
Project("{FAE04EC0-301F-11D3-BF4B-00C04F79EFBC}") = "PhotonUnityNetworking.Utilities.Culling.Editor", "PhotonUnityNetworking.Utilities.Culling.Editor.csproj", "{18AEDC4A-5167-4FDB-EECD-3C383E66CDD9}"
EndProject
Project("{FAE04EC0-301F-11D3-BF4B-00C04F79EFBC}") = "Unity.Collections.BurstCompatibilityGen", "Unity.Collections.BurstCompatibilityGen.csproj", "{D45124EA-57EC-F7B6-4924-3F224EF3160C}"
EndProject
Project("{FAE04EC0-301F-11D3-BF4B-00C04F79EFBC}") = "Unity.InternalAPIEditorBridge.005", "Unity.InternalAPIEditorBridge.005.csproj", "{77AEAD85-4B9E-3110-62CF-9A0D7C6F604D}"
EndProject
Project("{FAE04EC0-301F-11D3-BF4B-00C04F79EFBC}") = "Unity.2D.Sprite.Package.EditorTests", "Unity.2D.Sprite.Package.EditorTests.csproj", "{45F9BF7B-B950-7658-A67C-D00FF1B57219}"
EndProject
Project("{FAE04EC0-301F-11D3-BF4B-00C04F79EFBC}") = "PunDemos.DemoHubEditor", "PunDemos.DemoHubEditor.csproj", "{29525CA1-C078-9842-CD18-998E2A6CE518}"
EndProject
Project("{FAE04EC0-301F-11D3-BF4B-00C04F79EFBC}") = "Assembly-CSharp-Editor", "Assembly-CSharp-Editor.csproj", "{5EB387DA-81F2-3702-8890-A5CE568C9176}"
EndProject
Project("{FAE04EC0-301F-11D3-BF4B-00C04F79EFBC}") = "Unity.Collections.DocCodeSamples", "Unity.Collections.DocCodeSamples.csproj", "{10D63FB2-3D31-7B8B-9EF2-CF05665BF9C4}"
EndProject
Global
	GlobalSection(SolutionConfigurationPlatforms) = preSolution
		Debug|Any CPU = Debug|Any CPU
		Release|Any CPU = Release|Any CPU
	EndGlobalSection
	GlobalSection(ProjectConfigurationPlatforms) = postSolution
		{6A544A76-4FB7-4A28-1F61-737EA5084969}.Debug|Any CPU.ActiveCfg = Debug|Any CPU
		{6A544A76-4FB7-4A28-1F61-737EA5084969}.Debug|Any CPU.Build.0 = Debug|Any CPU
		{6A544A76-4FB7-4A28-1F61-737EA5084969}.Release|Any CPU.ActiveCfg = Release|Any CPU
		{6A544A76-4FB7-4A28-1F61-737EA5084969}.Release|Any CPU.Build.0 = Release|Any CPU
		{B649106D-C7EA-4932-9062-DD332B00A99B}.Debug|Any CPU.ActiveCfg = Debug|Any CPU
		{B649106D-C7EA-4932-9062-DD332B00A99B}.Debug|Any CPU.Build.0 = Debug|Any CPU
		{B649106D-C7EA-4932-9062-DD332B00A99B}.Release|Any CPU.ActiveCfg = Release|Any CPU
		{B649106D-C7EA-4932-9062-DD332B00A99B}.Release|Any CPU.Build.0 = Release|Any CPU
		{229A9D75-2CC0-01C5-1336-3EBAD68E1477}.Debug|Any CPU.ActiveCfg = Debug|Any CPU
		{229A9D75-2CC0-01C5-1336-3EBAD68E1477}.Debug|Any CPU.Build.0 = Debug|Any CPU
		{229A9D75-2CC0-01C5-1336-3EBAD68E1477}.Release|Any CPU.ActiveCfg = Release|Any CPU
		{229A9D75-2CC0-01C5-1336-3EBAD68E1477}.Release|Any CPU.Build.0 = Release|Any CPU
		{7D543AD6-42D4-0596-1B4C-88F10C39E496}.Debug|Any CPU.ActiveCfg = Debug|Any CPU
		{7D543AD6-42D4-0596-1B4C-88F10C39E496}.Debug|Any CPU.Build.0 = Debug|Any CPU
		{7D543AD6-42D4-0596-1B4C-88F10C39E496}.Release|Any CPU.ActiveCfg = Release|Any CPU
		{7D543AD6-42D4-0596-1B4C-88F10C39E496}.Release|Any CPU.Build.0 = Release|Any CPU
		{DD72A9CF-B460-96EB-D480-9431F5B252AA}.Debug|Any CPU.ActiveCfg = Debug|Any CPU
		{DD72A9CF-B460-96EB-D480-9431F5B252AA}.Debug|Any CPU.Build.0 = Debug|Any CPU
		{DD72A9CF-B460-96EB-D480-9431F5B252AA}.Release|Any CPU.ActiveCfg = Release|Any CPU
		{DD72A9CF-B460-96EB-D480-9431F5B252AA}.Release|Any CPU.Build.0 = Release|Any CPU
		{668AA956-FE9C-5428-1A87-6363A8B7B3D0}.Debug|Any CPU.ActiveCfg = Debug|Any CPU
		{668AA956-FE9C-5428-1A87-6363A8B7B3D0}.Debug|Any CPU.Build.0 = Debug|Any CPU
		{668AA956-FE9C-5428-1A87-6363A8B7B3D0}.Release|Any CPU.ActiveCfg = Release|Any CPU
		{668AA956-FE9C-5428-1A87-6363A8B7B3D0}.Release|Any CPU.Build.0 = Release|Any CPU
		{17065D4C-6797-A674-CA78-E42B6F54DB06}.Debug|Any CPU.ActiveCfg = Debug|Any CPU
		{17065D4C-6797-A674-CA78-E42B6F54DB06}.Debug|Any CPU.Build.0 = Debug|Any CPU
		{17065D4C-6797-A674-CA78-E42B6F54DB06}.Release|Any CPU.ActiveCfg = Release|Any CPU
		{17065D4C-6797-A674-CA78-E42B6F54DB06}.Release|Any CPU.Build.0 = Release|Any CPU
		{A472B6A3-9A56-E81C-6D42-5F7764A19248}.Debug|Any CPU.ActiveCfg = Debug|Any CPU
		{A472B6A3-9A56-E81C-6D42-5F7764A19248}.Debug|Any CPU.Build.0 = Debug|Any CPU
		{A472B6A3-9A56-E81C-6D42-5F7764A19248}.Release|Any CPU.ActiveCfg = Release|Any CPU
		{A472B6A3-9A56-E81C-6D42-5F7764A19248}.Release|Any CPU.Build.0 = Release|Any CPU
		{8BB4572F-DA4C-4194-4300-D919145212AB}.Debug|Any CPU.ActiveCfg = Debug|Any CPU
		{8BB4572F-DA4C-4194-4300-D919145212AB}.Debug|Any CPU.Build.0 = Debug|Any CPU
		{8BB4572F-DA4C-4194-4300-D919145212AB}.Release|Any CPU.ActiveCfg = Release|Any CPU
		{8BB4572F-DA4C-4194-4300-D919145212AB}.Release|Any CPU.Build.0 = Release|Any CPU
		{AB430A99-F739-0BBD-F1BE-D9009DE085D5}.Debug|Any CPU.ActiveCfg = Debug|Any CPU
		{AB430A99-F739-0BBD-F1BE-D9009DE085D5}.Debug|Any CPU.Build.0 = Debug|Any CPU
		{AB430A99-F739-0BBD-F1BE-D9009DE085D5}.Release|Any CPU.ActiveCfg = Release|Any CPU
		{AB430A99-F739-0BBD-F1BE-D9009DE085D5}.Release|Any CPU.Build.0 = Release|Any CPU
		{A602C525-BDF0-99DC-2D8B-A3C9223D0A84}.Debug|Any CPU.ActiveCfg = Debug|Any CPU
		{A602C525-BDF0-99DC-2D8B-A3C9223D0A84}.Debug|Any CPU.Build.0 = Debug|Any CPU
		{A602C525-BDF0-99DC-2D8B-A3C9223D0A84}.Release|Any CPU.ActiveCfg = Release|Any CPU
		{A602C525-BDF0-99DC-2D8B-A3C9223D0A84}.Release|Any CPU.Build.0 = Release|Any CPU
		{20FCA95F-EB91-FC4E-EE42-1111AAB102BF}.Debug|Any CPU.ActiveCfg = Debug|Any CPU
		{20FCA95F-EB91-FC4E-EE42-1111AAB102BF}.Debug|Any CPU.Build.0 = Debug|Any CPU
		{20FCA95F-EB91-FC4E-EE42-1111AAB102BF}.Release|Any CPU.ActiveCfg = Release|Any CPU
		{20FCA95F-EB91-FC4E-EE42-1111AAB102BF}.Release|Any CPU.Build.0 = Release|Any CPU
		{58777D3B-A677-F863-EFBE-B425B17A8CD9}.Debug|Any CPU.ActiveCfg = Debug|Any CPU
		{58777D3B-A677-F863-EFBE-B425B17A8CD9}.Debug|Any CPU.Build.0 = Debug|Any CPU
		{58777D3B-A677-F863-EFBE-B425B17A8CD9}.Release|Any CPU.ActiveCfg = Release|Any CPU
		{58777D3B-A677-F863-EFBE-B425B17A8CD9}.Release|Any CPU.Build.0 = Release|Any CPU
		{4522BAE6-4338-C82D-FA71-23DC7525B52D}.Debug|Any CPU.ActiveCfg = Debug|Any CPU
		{4522BAE6-4338-C82D-FA71-23DC7525B52D}.Debug|Any CPU.Build.0 = Debug|Any CPU
		{4522BAE6-4338-C82D-FA71-23DC7525B52D}.Release|Any CPU.ActiveCfg = Release|Any CPU
		{4522BAE6-4338-C82D-FA71-23DC7525B52D}.Release|Any CPU.Build.0 = Release|Any CPU
		{44AA0A89-91AA-914C-BC7F-C148CDAF1838}.Debug|Any CPU.ActiveCfg = Debug|Any CPU
		{44AA0A89-91AA-914C-BC7F-C148CDAF1838}.Debug|Any CPU.Build.0 = Debug|Any CPU
		{44AA0A89-91AA-914C-BC7F-C148CDAF1838}.Release|Any CPU.ActiveCfg = Release|Any CPU
		{44AA0A89-91AA-914C-BC7F-C148CDAF1838}.Release|Any CPU.Build.0 = Release|Any CPU
		{076C5FB3-691D-07F7-91EC-FB56D0026BDA}.Debug|Any CPU.ActiveCfg = Debug|Any CPU
		{076C5FB3-691D-07F7-91EC-FB56D0026BDA}.Debug|Any CPU.Build.0 = Debug|Any CPU
		{076C5FB3-691D-07F7-91EC-FB56D0026BDA}.Release|Any CPU.ActiveCfg = Release|Any CPU
		{076C5FB3-691D-07F7-91EC-FB56D0026BDA}.Release|Any CPU.Build.0 = Release|Any CPU
		{95A7CED6-F068-C1F3-836C-A19805CC086D}.Debug|Any CPU.ActiveCfg = Debug|Any CPU
		{95A7CED6-F068-C1F3-836C-A19805CC086D}.Debug|Any CPU.Build.0 = Debug|Any CPU
		{95A7CED6-F068-C1F3-836C-A19805CC086D}.Release|Any CPU.ActiveCfg = Release|Any CPU
		{95A7CED6-F068-C1F3-836C-A19805CC086D}.Release|Any CPU.Build.0 = Release|Any CPU
		{62A4D975-FE3C-3BEB-C219-EE83C1CAEDF2}.Debug|Any CPU.ActiveCfg = Debug|Any CPU
		{62A4D975-FE3C-3BEB-C219-EE83C1CAEDF2}.Debug|Any CPU.Build.0 = Debug|Any CPU
		{62A4D975-FE3C-3BEB-C219-EE83C1CAEDF2}.Release|Any CPU.ActiveCfg = Release|Any CPU
		{62A4D975-FE3C-3BEB-C219-EE83C1CAEDF2}.Release|Any CPU.Build.0 = Release|Any CPU
		{2C0AF361-E820-B960-173F-F53530D0AF3A}.Debug|Any CPU.ActiveCfg = Debug|Any CPU
		{2C0AF361-E820-B960-173F-F53530D0AF3A}.Debug|Any CPU.Build.0 = Debug|Any CPU
		{2C0AF361-E820-B960-173F-F53530D0AF3A}.Release|Any CPU.ActiveCfg = Release|Any CPU
		{2C0AF361-E820-B960-173F-F53530D0AF3A}.Release|Any CPU.Build.0 = Release|Any CPU
		{AB191750-F4C9-82AC-4968-806BC5818E61}.Debug|Any CPU.ActiveCfg = Debug|Any CPU
		{AB191750-F4C9-82AC-4968-806BC5818E61}.Debug|Any CPU.Build.0 = Debug|Any CPU
		{AB191750-F4C9-82AC-4968-806BC5818E61}.Release|Any CPU.ActiveCfg = Release|Any CPU
		{AB191750-F4C9-82AC-4968-806BC5818E61}.Release|Any CPU.Build.0 = Release|Any CPU
		{B241820C-618E-BB7E-BB52-5D5E55BA98EE}.Debug|Any CPU.ActiveCfg = Debug|Any CPU
		{B241820C-618E-BB7E-BB52-5D5E55BA98EE}.Debug|Any CPU.Build.0 = Debug|Any CPU
		{B241820C-618E-BB7E-BB52-5D5E55BA98EE}.Release|Any CPU.ActiveCfg = Release|Any CPU
		{B241820C-618E-BB7E-BB52-5D5E55BA98EE}.Release|Any CPU.Build.0 = Release|Any CPU
		{64E275AF-01C2-521D-34C2-01DEB94F7C46}.Debug|Any CPU.ActiveCfg = Debug|Any CPU
		{64E275AF-01C2-521D-34C2-01DEB94F7C46}.Debug|Any CPU.Build.0 = Debug|Any CPU
		{64E275AF-01C2-521D-34C2-01DEB94F7C46}.Release|Any CPU.ActiveCfg = Release|Any CPU
		{64E275AF-01C2-521D-34C2-01DEB94F7C46}.Release|Any CPU.Build.0 = Release|Any CPU
		{58956A59-C8DA-5C26-2841-42A13D4C6332}.Debug|Any CPU.ActiveCfg = Debug|Any CPU
		{58956A59-C8DA-5C26-2841-42A13D4C6332}.Debug|Any CPU.Build.0 = Debug|Any CPU
		{58956A59-C8DA-5C26-2841-42A13D4C6332}.Release|Any CPU.ActiveCfg = Release|Any CPU
		{58956A59-C8DA-5C26-2841-42A13D4C6332}.Release|Any CPU.Build.0 = Release|Any CPU
		{7283412A-47FB-8B8E-9CB6-B0B05B353E87}.Debug|Any CPU.ActiveCfg = Debug|Any CPU
		{7283412A-47FB-8B8E-9CB6-B0B05B353E87}.Debug|Any CPU.Build.0 = Debug|Any CPU
		{7283412A-47FB-8B8E-9CB6-B0B05B353E87}.Release|Any CPU.ActiveCfg = Release|Any CPU
		{7283412A-47FB-8B8E-9CB6-B0B05B353E87}.Release|Any CPU.Build.0 = Release|Any CPU
		{3D0FB134-7F79-683E-D0B7-0E5C0B10F69B}.Debug|Any CPU.ActiveCfg = Debug|Any CPU
		{3D0FB134-7F79-683E-D0B7-0E5C0B10F69B}.Debug|Any CPU.Build.0 = Debug|Any CPU
		{3D0FB134-7F79-683E-D0B7-0E5C0B10F69B}.Release|Any CPU.ActiveCfg = Release|Any CPU
		{3D0FB134-7F79-683E-D0B7-0E5C0B10F69B}.Release|Any CPU.Build.0 = Release|Any CPU
		{84EA540C-C9A4-6AE6-789D-0AE91394D120}.Debug|Any CPU.ActiveCfg = Debug|Any CPU
		{84EA540C-C9A4-6AE6-789D-0AE91394D120}.Debug|Any CPU.Build.0 = Debug|Any CPU
		{84EA540C-C9A4-6AE6-789D-0AE91394D120}.Release|Any CPU.ActiveCfg = Release|Any CPU
		{84EA540C-C9A4-6AE6-789D-0AE91394D120}.Release|Any CPU.Build.0 = Release|Any CPU
		{FF92905A-B861-7110-3023-A285C7A9A507}.Debug|Any CPU.ActiveCfg = Debug|Any CPU
		{FF92905A-B861-7110-3023-A285C7A9A507}.Debug|Any CPU.Build.0 = Debug|Any CPU
		{FF92905A-B861-7110-3023-A285C7A9A507}.Release|Any CPU.ActiveCfg = Release|Any CPU
		{FF92905A-B861-7110-3023-A285C7A9A507}.Release|Any CPU.Build.0 = Release|Any CPU
		{27193650-A737-4781-3D63-E6842FC9A56D}.Debug|Any CPU.ActiveCfg = Debug|Any CPU
		{27193650-A737-4781-3D63-E6842FC9A56D}.Debug|Any CPU.Build.0 = Debug|Any CPU
		{27193650-A737-4781-3D63-E6842FC9A56D}.Release|Any CPU.ActiveCfg = Release|Any CPU
		{27193650-A737-4781-3D63-E6842FC9A56D}.Release|Any CPU.Build.0 = Release|Any CPU
		{1AFD171F-0C0B-7884-8EC5-7A6D3E59A30D}.Debug|Any CPU.ActiveCfg = Debug|Any CPU
		{1AFD171F-0C0B-7884-8EC5-7A6D3E59A30D}.Debug|Any CPU.Build.0 = Debug|Any CPU
		{1AFD171F-0C0B-7884-8EC5-7A6D3E59A30D}.Release|Any CPU.ActiveCfg = Release|Any CPU
		{1AFD171F-0C0B-7884-8EC5-7A6D3E59A30D}.Release|Any CPU.Build.0 = Release|Any CPU
		{753B5278-1B67-9DDC-C947-763564C74A68}.Debug|Any CPU.ActiveCfg = Debug|Any CPU
		{753B5278-1B67-9DDC-C947-763564C74A68}.Debug|Any CPU.Build.0 = Debug|Any CPU
		{753B5278-1B67-9DDC-C947-763564C74A68}.Release|Any CPU.ActiveCfg = Release|Any CPU
		{753B5278-1B67-9DDC-C947-763564C74A68}.Release|Any CPU.Build.0 = Release|Any CPU
		{63218B7B-0B4F-BCAD-4E1B-8F251063E50C}.Debug|Any CPU.ActiveCfg = Debug|Any CPU
		{63218B7B-0B4F-BCAD-4E1B-8F251063E50C}.Debug|Any CPU.Build.0 = Debug|Any CPU
		{63218B7B-0B4F-BCAD-4E1B-8F251063E50C}.Release|Any CPU.ActiveCfg = Release|Any CPU
		{63218B7B-0B4F-BCAD-4E1B-8F251063E50C}.Release|Any CPU.Build.0 = Release|Any CPU
		{0A03723B-FB91-713C-0834-AB2BFA43AEB7}.Debug|Any CPU.ActiveCfg = Debug|Any CPU
		{0A03723B-FB91-713C-0834-AB2BFA43AEB7}.Debug|Any CPU.Build.0 = Debug|Any CPU
		{0A03723B-FB91-713C-0834-AB2BFA43AEB7}.Release|Any CPU.ActiveCfg = Release|Any CPU
		{0A03723B-FB91-713C-0834-AB2BFA43AEB7}.Release|Any CPU.Build.0 = Release|Any CPU
		{4FA5C964-8B55-B88C-4530-22247CBD620F}.Debug|Any CPU.ActiveCfg = Debug|Any CPU
		{4FA5C964-8B55-B88C-4530-22247CBD620F}.Debug|Any CPU.Build.0 = Debug|Any CPU
		{4FA5C964-8B55-B88C-4530-22247CBD620F}.Release|Any CPU.ActiveCfg = Release|Any CPU
		{4FA5C964-8B55-B88C-4530-22247CBD620F}.Release|Any CPU.Build.0 = Release|Any CPU
		{DEF41B59-D7EE-D256-852C-C4D46FC98D55}.Debug|Any CPU.ActiveCfg = Debug|Any CPU
		{DEF41B59-D7EE-D256-852C-C4D46FC98D55}.Debug|Any CPU.Build.0 = Debug|Any CPU
		{DEF41B59-D7EE-D256-852C-C4D46FC98D55}.Release|Any CPU.ActiveCfg = Release|Any CPU
		{DEF41B59-D7EE-D256-852C-C4D46FC98D55}.Release|Any CPU.Build.0 = Release|Any CPU
		{C22689D7-36F5-AF08-3752-8E576741B95D}.Debug|Any CPU.ActiveCfg = Debug|Any CPU
		{C22689D7-36F5-AF08-3752-8E576741B95D}.Debug|Any CPU.Build.0 = Debug|Any CPU
		{C22689D7-36F5-AF08-3752-8E576741B95D}.Release|Any CPU.ActiveCfg = Release|Any CPU
		{C22689D7-36F5-AF08-3752-8E576741B95D}.Release|Any CPU.Build.0 = Release|Any CPU
		{7B029496-6DB1-C4E2-C99F-48ED42611A56}.Debug|Any CPU.ActiveCfg = Debug|Any CPU
		{7B029496-6DB1-C4E2-C99F-48ED42611A56}.Debug|Any CPU.Build.0 = Debug|Any CPU
		{7B029496-6DB1-C4E2-C99F-48ED42611A56}.Release|Any CPU.ActiveCfg = Release|Any CPU
		{7B029496-6DB1-C4E2-C99F-48ED42611A56}.Release|Any CPU.Build.0 = Release|Any CPU
		{4938B1E3-9A43-858A-B324-3DACF2BF7EE2}.Debug|Any CPU.ActiveCfg = Debug|Any CPU
		{4938B1E3-9A43-858A-B324-3DACF2BF7EE2}.Debug|Any CPU.Build.0 = Debug|Any CPU
		{4938B1E3-9A43-858A-B324-3DACF2BF7EE2}.Release|Any CPU.ActiveCfg = Release|Any CPU
		{4938B1E3-9A43-858A-B324-3DACF2BF7EE2}.Release|Any CPU.Build.0 = Release|Any CPU
		{57D94E66-168D-4029-1FF0-B2172117F736}.Debug|Any CPU.ActiveCfg = Debug|Any CPU
		{57D94E66-168D-4029-1FF0-B2172117F736}.Debug|Any CPU.Build.0 = Debug|Any CPU
		{57D94E66-168D-4029-1FF0-B2172117F736}.Release|Any CPU.ActiveCfg = Release|Any CPU
		{57D94E66-168D-4029-1FF0-B2172117F736}.Release|Any CPU.Build.0 = Release|Any CPU
		{824F3374-CA4F-CA6F-F29A-F4B25FD91215}.Debug|Any CPU.ActiveCfg = Debug|Any CPU
		{824F3374-CA4F-CA6F-F29A-F4B25FD91215}.Debug|Any CPU.Build.0 = Debug|Any CPU
		{824F3374-CA4F-CA6F-F29A-F4B25FD91215}.Release|Any CPU.ActiveCfg = Release|Any CPU
		{824F3374-CA4F-CA6F-F29A-F4B25FD91215}.Release|Any CPU.Build.0 = Release|Any CPU
		{DA48D57F-A158-9E8B-C680-EA021EE88236}.Debug|Any CPU.ActiveCfg = Debug|Any CPU
		{DA48D57F-A158-9E8B-C680-EA021EE88236}.Debug|Any CPU.Build.0 = Debug|Any CPU
		{DA48D57F-A158-9E8B-C680-EA021EE88236}.Release|Any CPU.ActiveCfg = Release|Any CPU
		{DA48D57F-A158-9E8B-C680-EA021EE88236}.Release|Any CPU.Build.0 = Release|Any CPU
		{137AEA9F-568C-18E9-B100-94BAA19C7265}.Debug|Any CPU.ActiveCfg = Debug|Any CPU
		{137AEA9F-568C-18E9-B100-94BAA19C7265}.Debug|Any CPU.Build.0 = Debug|Any CPU
		{137AEA9F-568C-18E9-B100-94BAA19C7265}.Release|Any CPU.ActiveCfg = Release|Any CPU
		{137AEA9F-568C-18E9-B100-94BAA19C7265}.Release|Any CPU.Build.0 = Release|Any CPU
		{23DEBE34-42E7-CD28-1A3A-B14687B5476F}.Debug|Any CPU.ActiveCfg = Debug|Any CPU
		{23DEBE34-42E7-CD28-1A3A-B14687B5476F}.Debug|Any CPU.Build.0 = Debug|Any CPU
		{23DEBE34-42E7-CD28-1A3A-B14687B5476F}.Release|Any CPU.ActiveCfg = Release|Any CPU
		{23DEBE34-42E7-CD28-1A3A-B14687B5476F}.Release|Any CPU.Build.0 = Release|Any CPU
		{3432E089-4D11-E3DC-3389-D374229AFE46}.Debug|Any CPU.ActiveCfg = Debug|Any CPU
		{3432E089-4D11-E3DC-3389-D374229AFE46}.Debug|Any CPU.Build.0 = Debug|Any CPU
		{3432E089-4D11-E3DC-3389-D374229AFE46}.Release|Any CPU.ActiveCfg = Release|Any CPU
		{3432E089-4D11-E3DC-3389-D374229AFE46}.Release|Any CPU.Build.0 = Release|Any CPU
		{1AAFED36-F5EB-752A-FA5D-6D921D3CEA0F}.Debug|Any CPU.ActiveCfg = Debug|Any CPU
		{1AAFED36-F5EB-752A-FA5D-6D921D3CEA0F}.Debug|Any CPU.Build.0 = Debug|Any CPU
		{1AAFED36-F5EB-752A-FA5D-6D921D3CEA0F}.Release|Any CPU.ActiveCfg = Release|Any CPU
		{1AAFED36-F5EB-752A-FA5D-6D921D3CEA0F}.Release|Any CPU.Build.0 = Release|Any CPU
		{866DCE3F-37AB-B7FB-0DB9-E86F78B3FDE6}.Debug|Any CPU.ActiveCfg = Debug|Any CPU
		{866DCE3F-37AB-B7FB-0DB9-E86F78B3FDE6}.Debug|Any CPU.Build.0 = Debug|Any CPU
		{866DCE3F-37AB-B7FB-0DB9-E86F78B3FDE6}.Release|Any CPU.ActiveCfg = Release|Any CPU
		{866DCE3F-37AB-B7FB-0DB9-E86F78B3FDE6}.Release|Any CPU.Build.0 = Release|Any CPU
		{727D34E4-FCF8-45C1-4EA3-511F9CBFBCEE}.Debug|Any CPU.ActiveCfg = Debug|Any CPU
		{727D34E4-FCF8-45C1-4EA3-511F9CBFBCEE}.Debug|Any CPU.Build.0 = Debug|Any CPU
		{727D34E4-FCF8-45C1-4EA3-511F9CBFBCEE}.Release|Any CPU.ActiveCfg = Release|Any CPU
		{727D34E4-FCF8-45C1-4EA3-511F9CBFBCEE}.Release|Any CPU.Build.0 = Release|Any CPU
		{A3D236D9-5F36-AD3B-BA6F-AEDF076600B5}.Debug|Any CPU.ActiveCfg = Debug|Any CPU
		{A3D236D9-5F36-AD3B-BA6F-AEDF076600B5}.Debug|Any CPU.Build.0 = Debug|Any CPU
		{A3D236D9-5F36-AD3B-BA6F-AEDF076600B5}.Release|Any CPU.ActiveCfg = Release|Any CPU
		{A3D236D9-5F36-AD3B-BA6F-AEDF076600B5}.Release|Any CPU.Build.0 = Release|Any CPU
		{619400D0-8D60-7C95-6AB8-21A28EF67C59}.Debug|Any CPU.ActiveCfg = Debug|Any CPU
		{619400D0-8D60-7C95-6AB8-21A28EF67C59}.Debug|Any CPU.Build.0 = Debug|Any CPU
		{619400D0-8D60-7C95-6AB8-21A28EF67C59}.Release|Any CPU.ActiveCfg = Release|Any CPU
		{619400D0-8D60-7C95-6AB8-21A28EF67C59}.Release|Any CPU.Build.0 = Release|Any CPU
		{ED98733D-66CE-77C3-AB2B-1DE89089B306}.Debug|Any CPU.ActiveCfg = Debug|Any CPU
		{ED98733D-66CE-77C3-AB2B-1DE89089B306}.Debug|Any CPU.Build.0 = Debug|Any CPU
		{ED98733D-66CE-77C3-AB2B-1DE89089B306}.Release|Any CPU.ActiveCfg = Release|Any CPU
		{ED98733D-66CE-77C3-AB2B-1DE89089B306}.Release|Any CPU.Build.0 = Release|Any CPU
		{8D8EEAB8-F4F4-EB71-5DDA-C90303E7FEDA}.Debug|Any CPU.ActiveCfg = Debug|Any CPU
		{8D8EEAB8-F4F4-EB71-5DDA-C90303E7FEDA}.Debug|Any CPU.Build.0 = Debug|Any CPU
		{8D8EEAB8-F4F4-EB71-5DDA-C90303E7FEDA}.Release|Any CPU.ActiveCfg = Release|Any CPU
		{8D8EEAB8-F4F4-EB71-5DDA-C90303E7FEDA}.Release|Any CPU.Build.0 = Release|Any CPU
		{18AEDC4A-5167-4FDB-EECD-3C383E66CDD9}.Debug|Any CPU.ActiveCfg = Debug|Any CPU
		{18AEDC4A-5167-4FDB-EECD-3C383E66CDD9}.Debug|Any CPU.Build.0 = Debug|Any CPU
		{18AEDC4A-5167-4FDB-EECD-3C383E66CDD9}.Release|Any CPU.ActiveCfg = Release|Any CPU
		{18AEDC4A-5167-4FDB-EECD-3C383E66CDD9}.Release|Any CPU.Build.0 = Release|Any CPU
		{D45124EA-57EC-F7B6-4924-3F224EF3160C}.Debug|Any CPU.ActiveCfg = Debug|Any CPU
		{D45124EA-57EC-F7B6-4924-3F224EF3160C}.Debug|Any CPU.Build.0 = Debug|Any CPU
		{D45124EA-57EC-F7B6-4924-3F224EF3160C}.Release|Any CPU.ActiveCfg = Release|Any CPU
		{D45124EA-57EC-F7B6-4924-3F224EF3160C}.Release|Any CPU.Build.0 = Release|Any CPU
		{77AEAD85-4B9E-3110-62CF-9A0D7C6F604D}.Debug|Any CPU.ActiveCfg = Debug|Any CPU
		{77AEAD85-4B9E-3110-62CF-9A0D7C6F604D}.Debug|Any CPU.Build.0 = Debug|Any CPU
		{77AEAD85-4B9E-3110-62CF-9A0D7C6F604D}.Release|Any CPU.ActiveCfg = Release|Any CPU
		{77AEAD85-4B9E-3110-62CF-9A0D7C6F604D}.Release|Any CPU.Build.0 = Release|Any CPU
		{45F9BF7B-B950-7658-A67C-D00FF1B57219}.Debug|Any CPU.ActiveCfg = Debug|Any CPU
		{45F9BF7B-B950-7658-A67C-D00FF1B57219}.Debug|Any CPU.Build.0 = Debug|Any CPU
		{45F9BF7B-B950-7658-A67C-D00FF1B57219}.Release|Any CPU.ActiveCfg = Release|Any CPU
		{45F9BF7B-B950-7658-A67C-D00FF1B57219}.Release|Any CPU.Build.0 = Release|Any CPU
		{29525CA1-C078-9842-CD18-998E2A6CE518}.Debug|Any CPU.ActiveCfg = Debug|Any CPU
		{29525CA1-C078-9842-CD18-998E2A6CE518}.Debug|Any CPU.Build.0 = Debug|Any CPU
		{29525CA1-C078-9842-CD18-998E2A6CE518}.Release|Any CPU.ActiveCfg = Release|Any CPU
		{29525CA1-C078-9842-CD18-998E2A6CE518}.Release|Any CPU.Build.0 = Release|Any CPU
		{5EB387DA-81F2-3702-8890-A5CE568C9176}.Debug|Any CPU.ActiveCfg = Debug|Any CPU
		{5EB387DA-81F2-3702-8890-A5CE568C9176}.Debug|Any CPU.Build.0 = Debug|Any CPU
		{5EB387DA-81F2-3702-8890-A5CE568C9176}.Release|Any CPU.ActiveCfg = Release|Any CPU
		{5EB387DA-81F2-3702-8890-A5CE568C9176}.Release|Any CPU.Build.0 = Release|Any CPU
		{10D63FB2-3D31-7B8B-9EF2-CF05665BF9C4}.Debug|Any CPU.ActiveCfg = Debug|Any CPU
		{10D63FB2-3D31-7B8B-9EF2-CF05665BF9C4}.Debug|Any CPU.Build.0 = Debug|Any CPU
		{10D63FB2-3D31-7B8B-9EF2-CF05665BF9C4}.Release|Any CPU.ActiveCfg = Release|Any CPU
		{10D63FB2-3D31-7B8B-9EF2-CF05665BF9C4}.Release|Any CPU.Build.0 = Release|Any CPU
	EndGlobalSection
	GlobalSection(SolutionProperties) = preSolution
		HideSolutionNode = FALSE
	EndGlobalSection
EndGlobal
